// !$*UTF8*$!
{
	archiveVersion = 1;
	classes = {
	};
	objectVersion = 55;
	objects = {

/* Begin PBXBuildFile section */
		0D6CED78273642B500C6E8B2 /* AppDelegate.m in Sources */ = {isa = PBXBuildFile; fileRef = 0D6CED77273642B500C6E8B2 /* AppDelegate.m */; };
		0D6CED7B273642B500C6E8B2 /* SceneDelegate.m in Sources */ = {isa = PBXBuildFile; fileRef = 0D6CED7A273642B500C6E8B2 /* SceneDelegate.m */; };
		0D6CED7E273642B500C6E8B2 /* ViewController.m in Sources */ = {isa = PBXBuildFile; fileRef = 0D6CED7D273642B500C6E8B2 /* ViewController.m */; };
		0D6CED81273642B500C6E8B2 /* Main.storyboard in Resources */ = {isa = PBXBuildFile; fileRef = 0D6CED7F273642B500C6E8B2 /* Main.storyboard */; };
		0D6CED83273642B700C6E8B2 /* Assets.xcassets in Resources */ = {isa = PBXBuildFile; fileRef = 0D6CED82273642B700C6E8B2 /* Assets.xcassets */; };
		0D6CED86273642B700C6E8B2 /* LaunchScreen.storyboard in Resources */ = {isa = PBXBuildFile; fileRef = 0D6CED84273642B700C6E8B2 /* LaunchScreen.storyboard */; };
		0D6CED89273642B700C6E8B2 /* main.m in Sources */ = {isa = PBXBuildFile; fileRef = 0D6CED88273642B700C6E8B2 /* main.m */; };
		0D6CED93273642B700C6E8B2 /* TableViewDemoTests.m in Sources */ = {isa = PBXBuildFile; fileRef = 0D6CED92273642B700C6E8B2 /* TableViewDemoTests.m */; };
		0D6CED9D273642B700C6E8B2 /* TableViewDemoUITests.m in Sources */ = {isa = PBXBuildFile; fileRef = 0D6CED9C273642B700C6E8B2 /* TableViewDemoUITests.m */; };
		0D6CED9F273642B700C6E8B2 /* TableViewDemoUITestsLaunchTests.m in Sources */ = {isa = PBXBuildFile; fileRef = 0D6CED9E273642B700C6E8B2 /* TableViewDemoUITestsLaunchTests.m */; };
/* End PBXBuildFile section */

/* Begin PBXContainerItemProxy section */
		0D6CED8F273642B700C6E8B2 /* PBXContainerItemProxy */ = {
			isa = PBXContainerItemProxy;
			containerPortal = 0D6CED6B273642B500C6E8B2 /* Project object */;
			proxyType = 1;
			remoteGlobalIDString = 0D6CED72273642B500C6E8B2;
			remoteInfo = TableViewDemo;
		};
		0D6CED99273642B700C6E8B2 /* PBXContainerItemProxy */ = {
			isa = PBXContainerItemProxy;
			containerPortal = 0D6CED6B273642B500C6E8B2 /* Project object */;
			proxyType = 1;
			remoteGlobalIDString = 0D6CED72273642B500C6E8B2;
			remoteInfo = TableViewDemo;
		};
/* End PBXContainerItemProxy section */

/* Begin PBXFileReference section */
		0D6CED73273642B500C6E8B2 /* TableViewDemo.app */ = {isa = PBXFileReference; explicitFileType = wrapper.application; includeInIndex = 0; path = TableViewDemo.app; sourceTree = BUILT_PRODUCTS_DIR; };
		0D6CED76273642B500C6E8B2 /* AppDelegate.h */ = {isa = PBXFileReference; lastKnownFileType = sourcecode.c.h; path = AppDelegate.h; sourceTree = "<group>"; };
		0D6CED77273642B500C6E8B2 /* AppDelegate.m */ = {isa = PBXFileReference; lastKnownFileType = sourcecode.c.objc; path = AppDelegate.m; sourceTree = "<group>"; };
		0D6CED79273642B500C6E8B2 /* SceneDelegate.h */ = {isa = PBXFileReference; lastKnownFileType = sourcecode.c.h; path = SceneDelegate.h; sourceTree = "<group>"; };
		0D6CED7A273642B500C6E8B2 /* SceneDelegate.m */ = {isa = PBXFileReference; lastKnownFileType = sourcecode.c.objc; path = SceneDelegate.m; sourceTree = "<group>"; };
		0D6CED7C273642B500C6E8B2 /* ViewController.h */ = {isa = PBXFileReference; lastKnownFileType = sourcecode.c.h; path = ViewController.h; sourceTree = "<group>"; };
		0D6CED7D273642B500C6E8B2 /* ViewController.m */ = {isa = PBXFileReference; lastKnownFileType = sourcecode.c.objc; path = ViewController.m; sourceTree = "<group>"; };
		0D6CED80273642B500C6E8B2 /* Base */ = {isa = PBXFileReference; lastKnownFileType = file.storyboard; name = Base; path = Base.lproj/Main.storyboard; sourceTree = "<group>"; };
		0D6CED82273642B700C6E8B2 /* Assets.xcassets */ = {isa = PBXFileReference; lastKnownFileType = folder.assetcatalog; path = Assets.xcassets; sourceTree = "<group>"; };
		0D6CED85273642B700C6E8B2 /* Base */ = {isa = PBXFileReference; lastKnownFileType = file.storyboard; name = Base; path = Base.lproj/LaunchScreen.storyboard; sourceTree = "<group>"; };
		0D6CED87273642B700C6E8B2 /* Info.plist */ = {isa = PBXFileReference; lastKnownFileType = text.plist.xml; path = Info.plist; sourceTree = "<group>"; };
		0D6CED88273642B700C6E8B2 /* main.m */ = {isa = PBXFileReference; lastKnownFileType = sourcecode.c.objc; path = main.m; sourceTree = "<group>"; };
		0D6CED8E273642B700C6E8B2 /* TableViewDemoTests.xctest */ = {isa = PBXFileReference; explicitFileType = wrapper.cfbundle; includeInIndex = 0; path = TableViewDemoTests.xctest; sourceTree = BUILT_PRODUCTS_DIR; };
		0D6CED92273642B700C6E8B2 /* TableViewDemoTests.m */ = {isa = PBXFileReference; lastKnownFileType = sourcecode.c.objc; path = TableViewDemoTests.m; sourceTree = "<group>"; };
		0D6CED98273642B700C6E8B2 /* TableViewDemoUITests.xctest */ = {isa = PBXFileReference; explicitFileType = wrapper.cfbundle; includeInIndex = 0; path = TableViewDemoUITests.xctest; sourceTree = BUILT_PRODUCTS_DIR; };
		0D6CED9C273642B700C6E8B2 /* TableViewDemoUITests.m */ = {isa = PBXFileReference; lastKnownFileType = sourcecode.c.objc; path = TableViewDemoUITests.m; sourceTree = "<group>"; };
		0D6CED9E273642B700C6E8B2 /* TableViewDemoUITestsLaunchTests.m */ = {isa = PBXFileReference; lastKnownFileType = sourcecode.c.objc; path = TableViewDemoUITestsLaunchTests.m; sourceTree = "<group>"; };
/* End PBXFileReference section */

/* Begin PBXFrameworksBuildPhase section */
		0D6CED70273642B500C6E8B2 /* Frameworks */ = {
			isa = PBXFrameworksBuildPhase;
			buildActionMask = 2147483647;
			files = (
			);
			runOnlyForDeploymentPostprocessing = 0;
		};
		0D6CED8B273642B700C6E8B2 /* Frameworks */ = {
			isa = PBXFrameworksBuildPhase;
			buildActionMask = 2147483647;
			files = (
			);
			runOnlyForDeploymentPostprocessing = 0;
		};
		0D6CED95273642B700C6E8B2 /* Frameworks */ = {
			isa = PBXFrameworksBuildPhase;
			buildActionMask = 2147483647;
			files = (
			);
			runOnlyForDeploymentPostprocessing = 0;
		};
/* End PBXFrameworksBuildPhase section */

/* Begin PBXGroup section */
		0D6CED6A273642B500C6E8B2 = {
			isa = PBXGroup;
			children = (
				0D6CED75273642B500C6E8B2 /* TableViewDemo */,
				0D6CED91273642B700C6E8B2 /* TableViewDemoTests */,
				0D6CED9B273642B700C6E8B2 /* TableViewDemoUITests */,
				0D6CED74273642B500C6E8B2 /* Products */,
			);
			sourceTree = "<group>";
		};
		0D6CED74273642B500C6E8B2 /* Products */ = {
			isa = PBXGroup;
			children = (
				0D6CED73273642B500C6E8B2 /* TableViewDemo.app */,
				0D6CED8E273642B700C6E8B2 /* TableViewDemoTests.xctest */,
				0D6CED98273642B700C6E8B2 /* TableViewDemoUITests.xctest */,
			);
			name = Products;
			sourceTree = "<group>";
		};
		0D6CED75273642B500C6E8B2 /* TableViewDemo */ = {
			isa = PBXGroup;
			children = (
				0D6CED76273642B500C6E8B2 /* AppDelegate.h */,
				0D6CED77273642B500C6E8B2 /* AppDelegate.m */,
				0D6CED79273642B500C6E8B2 /* SceneDelegate.h */,
				0D6CED7A273642B500C6E8B2 /* SceneDelegate.m */,
				0D6CED7C273642B500C6E8B2 /* ViewController.h */,
				0D6CED7D273642B500C6E8B2 /* ViewController.m */,
				0D6CED7F273642B500C6E8B2 /* Main.storyboard */,
				0D6CED82273642B700C6E8B2 /* Assets.xcassets */,
				0D6CED84273642B700C6E8B2 /* LaunchScreen.storyboard */,
				0D6CED87273642B700C6E8B2 /* Info.plist */,
				0D6CED88273642B700C6E8B2 /* main.m */,
			);
			path = TableViewDemo;
			sourceTree = "<group>";
		};
		0D6CED91273642B700C6E8B2 /* TableViewDemoTests */ = {
			isa = PBXGroup;
			children = (
				0D6CED92273642B700C6E8B2 /* TableViewDemoTests.m */,
			);
			path = TableViewDemoTests;
			sourceTree = "<group>";
		};
		0D6CED9B273642B700C6E8B2 /* TableViewDemoUITests */ = {
			isa = PBXGroup;
			children = (
				0D6CED9C273642B700C6E8B2 /* TableViewDemoUITests.m */,
				0D6CED9E273642B700C6E8B2 /* TableViewDemoUITestsLaunchTests.m */,
			);
			path = TableViewDemoUITests;
			sourceTree = "<group>";
		};
/* End PBXGroup section */

/* Begin PBXNativeTarget section */
		0D6CED72273642B500C6E8B2 /* TableViewDemo */ = {
			isa = PBXNativeTarget;
			buildConfigurationList = 0D6CEDA2273642B700C6E8B2 /* Build configuration list for PBXNativeTarget "TableViewDemo" */;
			buildPhases = (
				0D6CED6F273642B500C6E8B2 /* Sources */,
				0D6CED70273642B500C6E8B2 /* Frameworks */,
				0D6CED71273642B500C6E8B2 /* Resources */,
			);
			buildRules = (
			);
			dependencies = (
			);
			name = TableViewDemo;
			productName = TableViewDemo;
			productReference = 0D6CED73273642B500C6E8B2 /* TableViewDemo.app */;
			productType = "com.apple.product-type.application";
		};
		0D6CED8D273642B700C6E8B2 /* TableViewDemoTests */ = {
			isa = PBXNativeTarget;
			buildConfigurationList = 0D6CEDA5273642B700C6E8B2 /* Build configuration list for PBXNativeTarget "TableViewDemoTests" */;
			buildPhases = (
				0D6CED8A273642B700C6E8B2 /* Sources */,
				0D6CED8B273642B700C6E8B2 /* Frameworks */,
				0D6CED8C273642B700C6E8B2 /* Resources */,
			);
			buildRules = (
			);
			dependencies = (
				0D6CED90273642B700C6E8B2 /* PBXTargetDependency */,
			);
			name = TableViewDemoTests;
			productName = TableViewDemoTests;
			productReference = 0D6CED8E273642B700C6E8B2 /* TableViewDemoTests.xctest */;
			productType = "com.apple.product-type.bundle.unit-test";
		};
		0D6CED97273642B700C6E8B2 /* TableViewDemoUITests */ = {
			isa = PBXNativeTarget;
			buildConfigurationList = 0D6CEDA8273642B700C6E8B2 /* Build configuration list for PBXNativeTarget "TableViewDemoUITests" */;
			buildPhases = (
				0D6CED94273642B700C6E8B2 /* Sources */,
				0D6CED95273642B700C6E8B2 /* Frameworks */,
				0D6CED96273642B700C6E8B2 /* Resources */,
			);
			buildRules = (
			);
			dependencies = (
				0D6CED9A273642B700C6E8B2 /* PBXTargetDependency */,
			);
			name = TableViewDemoUITests;
			productName = TableViewDemoUITests;
			productReference = 0D6CED98273642B700C6E8B2 /* TableViewDemoUITests.xctest */;
			productType = "com.apple.product-type.bundle.ui-testing";
		};
/* End PBXNativeTarget section */

/* Begin PBXProject section */
		0D6CED6B273642B500C6E8B2 /* Project object */ = {
			isa = PBXProject;
			attributes = {
				BuildIndependentTargetsInParallel = 1;
				LastUpgradeCheck = 1310;
				TargetAttributes = {
					0D6CED72273642B500C6E8B2 = {
						CreatedOnToolsVersion = 13.1;
					};
					0D6CED8D273642B700C6E8B2 = {
						CreatedOnToolsVersion = 13.1;
						TestTargetID = 0D6CED72273642B500C6E8B2;
					};
					0D6CED97273642B700C6E8B2 = {
						CreatedOnToolsVersion = 13.1;
						TestTargetID = 0D6CED72273642B500C6E8B2;
					};
				};
			};
			buildConfigurationList = 0D6CED6E273642B500C6E8B2 /* Build configuration list for PBXProject "TableViewDemo" */;
			compatibilityVersion = "Xcode 13.0";
			developmentRegion = en;
			hasScannedForEncodings = 0;
			knownRegions = (
				en,
				Base,
			);
			mainGroup = 0D6CED6A273642B500C6E8B2;
			productRefGroup = 0D6CED74273642B500C6E8B2 /* Products */;
			projectDirPath = "";
			projectRoot = "";
			targets = (
				0D6CED72273642B500C6E8B2 /* TableViewDemo */,
				0D6CED8D273642B700C6E8B2 /* TableViewDemoTests */,
				0D6CED97273642B700C6E8B2 /* TableViewDemoUITests */,
			);
		};
/* End PBXProject section */

/* Begin PBXResourcesBuildPhase section */
		0D6CED71273642B500C6E8B2 /* Resources */ = {
			isa = PBXResourcesBuildPhase;
			buildActionMask = 2147483647;
			files = (
				0D6CED86273642B700C6E8B2 /* LaunchScreen.storyboard in Resources */,
				0D6CED83273642B700C6E8B2 /* Assets.xcassets in Resources */,
				0D6CED81273642B500C6E8B2 /* Main.storyboard in Resources */,
			);
			runOnlyForDeploymentPostprocessing = 0;
		};
		0D6CED8C273642B700C6E8B2 /* Resources */ = {
			isa = PBXResourcesBuildPhase;
			buildActionMask = 2147483647;
			files = (
			);
			runOnlyForDeploymentPostprocessing = 0;
		};
		0D6CED96273642B700C6E8B2 /* Resources */ = {
			isa = PBXResourcesBuildPhase;
			buildActionMask = 2147483647;
			files = (
			);
			runOnlyForDeploymentPostprocessing = 0;
		};
/* End PBXResourcesBuildPhase section */

/* Begin PBXSourcesBuildPhase section */
		0D6CED6F273642B500C6E8B2 /* Sources */ = {
			isa = PBXSourcesBuildPhase;
			buildActionMask = 2147483647;
			files = (
				0D6CED7E273642B500C6E8B2 /* ViewController.m in Sources */,
				0D6CED78273642B500C6E8B2 /* AppDelegate.m in Sources */,
				0D6CED89273642B700C6E8B2 /* main.m in Sources */,
				0D6CED7B273642B500C6E8B2 /* SceneDelegate.m in Sources */,
			);
			runOnlyForDeploymentPostprocessing = 0;
		};
		0D6CED8A273642B700C6E8B2 /* Sources */ = {
			isa = PBXSourcesBuildPhase;
			buildActionMask = 2147483647;
			files = (
				0D6CED93273642B700C6E8B2 /* TableViewDemoTests.m in Sources */,
			);
			runOnlyForDeploymentPostprocessing = 0;
		};
		0D6CED94273642B700C6E8B2 /* Sources */ = {
			isa = PBXSourcesBuildPhase;
			buildActionMask = 2147483647;
			files = (
				0D6CED9D273642B700C6E8B2 /* TableViewDemoUITests.m in Sources */,
				0D6CED9F273642B700C6E8B2 /* TableViewDemoUITestsLaunchTests.m in Sources */,
			);
			runOnlyForDeploymentPostprocessing = 0;
		};
/* End PBXSourcesBuildPhase section */

/* Begin PBXTargetDependency section */
		0D6CED90273642B700C6E8B2 /* PBXTargetDependency */ = {
			isa = PBXTargetDependency;
			target = 0D6CED72273642B500C6E8B2 /* TableViewDemo */;
			targetProxy = 0D6CED8F273642B700C6E8B2 /* PBXContainerItemProxy */;
		};
		0D6CED9A273642B700C6E8B2 /* PBXTargetDependency */ = {
			isa = PBXTargetDependency;
			target = 0D6CED72273642B500C6E8B2 /* TableViewDemo */;
			targetProxy = 0D6CED99273642B700C6E8B2 /* PBXContainerItemProxy */;
		};
/* End PBXTargetDependency section */

/* Begin PBXVariantGroup section */
		0D6CED7F273642B500C6E8B2 /* Main.storyboard */ = {
			isa = PBXVariantGroup;
			children = (
				0D6CED80273642B500C6E8B2 /* Base */,
			);
			name = Main.storyboard;
			sourceTree = "<group>";
		};
		0D6CED84273642B700C6E8B2 /* LaunchScreen.storyboard */ = {
			isa = PBXVariantGroup;
			children = (
				0D6CED85273642B700C6E8B2 /* Base */,
			);
			name = LaunchScreen.storyboard;
			sourceTree = "<group>";
		};
/* End PBXVariantGroup section */

/* Begin XCBuildConfiguration section */
		0D6CEDA0273642B700C6E8B2 /* Debug */ = {
			isa = XCBuildConfiguration;
			buildSettings = {
				ALWAYS_SEARCH_USER_PATHS = NO;
				CLANG_ANALYZER_NONNULL = YES;
				CLANG_ANALYZER_NUMBER_OBJECT_CONVERSION = YES_AGGRESSIVE;
				CLANG_CXX_LANGUAGE_STANDARD = "gnu++17";
				CLANG_CXX_LIBRARY = "libc++";
				CLANG_ENABLE_MODULES = YES;
				CLANG_ENABLE_OBJC_ARC = YES;
				CLANG_ENABLE_OBJC_WEAK = YES;
				CLANG_WARN_BLOCK_CAPTURE_AUTORELEASING = YES;
				CLANG_WARN_BOOL_CONVERSION = YES;
				CLANG_WARN_COMMA = YES;
				CLANG_WARN_CONSTANT_CONVERSION = YES;
				CLANG_WARN_DEPRECATED_OBJC_IMPLEMENTATIONS = YES;
				CLANG_WARN_DIRECT_OBJC_ISA_USAGE = YES_ERROR;
				CLANG_WARN_DOCUMENTATION_COMMENTS = YES;
				CLANG_WARN_EMPTY_BODY = YES;
				CLANG_WARN_ENUM_CONVERSION = YES;
				CLANG_WARN_INFINITE_RECURSION = YES;
				CLANG_WARN_INT_CONVERSION = YES;
				CLANG_WARN_NON_LITERAL_NULL_CONVERSION = YES;
				CLANG_WARN_OBJC_IMPLICIT_RETAIN_SELF = YES;
				CLANG_WARN_OBJC_LITERAL_CONVERSION = YES;
				CLANG_WARN_OBJC_ROOT_CLASS = YES_ERROR;
				CLANG_WARN_QUOTED_INCLUDE_IN_FRAMEWORK_HEADER = YES;
				CLANG_WARN_RANGE_LOOP_ANALYSIS = YES;
				CLANG_WARN_STRICT_PROTOTYPES = YES;
				CLANG_WARN_SUSPICIOUS_MOVE = YES;
				CLANG_WARN_UNGUARDED_AVAILABILITY = YES_AGGRESSIVE;
				CLANG_WARN_UNREACHABLE_CODE = YES;
				CLANG_WARN__DUPLICATE_METHOD_MATCH = YES;
				COPY_PHASE_STRIP = NO;
				DEBUG_INFORMATION_FORMAT = dwarf;
				ENABLE_STRICT_OBJC_MSGSEND = YES;
				ENABLE_TESTABILITY = YES;
				GCC_C_LANGUAGE_STANDARD = gnu11;
				GCC_DYNAMIC_NO_PIC = NO;
				GCC_NO_COMMON_BLOCKS = YES;
				GCC_OPTIMIZATION_LEVEL = 0;
				GCC_PREPROCESSOR_DEFINITIONS = (
					"DEBUG=1",
					"$(inherited)",
				);
				GCC_WARN_64_TO_32_BIT_CONVERSION = YES;
				GCC_WARN_ABOUT_RETURN_TYPE = YES_ERROR;
				GCC_WARN_UNDECLARED_SELECTOR = YES;
				GCC_WARN_UNINITIALIZED_AUTOS = YES_AGGRESSIVE;
				GCC_WARN_UNUSED_FUNCTION = YES;
				GCC_WARN_UNUSED_VARIABLE = YES;
				IPHONEOS_DEPLOYMENT_TARGET = 15.0;
				MTL_ENABLE_DEBUG_INFO = INCLUDE_SOURCE;
				MTL_FAST_MATH = YES;
				ONLY_ACTIVE_ARCH = YES;
				SDKROOT = iphoneos;
			};
			name = Debug;
		};
		0D6CEDA1273642B700C6E8B2 /* Release */ = {
			isa = XCBuildConfiguration;
			buildSettings = {
				ALWAYS_SEARCH_USER_PATHS = NO;
				CLANG_ANALYZER_NONNULL = YES;
				CLANG_ANALYZER_NUMBER_OBJECT_CONVERSION = YES_AGGRESSIVE;
				CLANG_CXX_LANGUAGE_STANDARD = "gnu++17";
				CLANG_CXX_LIBRARY = "libc++";
				CLANG_ENABLE_MODULES = YES;
				CLANG_ENABLE_OBJC_ARC = YES;
				CLANG_ENABLE_OBJC_WEAK = YES;
				CLANG_WARN_BLOCK_CAPTURE_AUTORELEASING = YES;
				CLANG_WARN_BOOL_CONVERSION = YES;
				CLANG_WARN_COMMA = YES;
				CLANG_WARN_CONSTANT_CONVERSION = YES;
				CLANG_WARN_DEPRECATED_OBJC_IMPLEMENTATIONS = YES;
				CLANG_WARN_DIRECT_OBJC_ISA_USAGE = YES_ERROR;
				CLANG_WARN_DOCUMENTATION_COMMENTS = YES;
				CLANG_WARN_EMPTY_BODY = YES;
				CLANG_WARN_ENUM_CONVERSION = YES;
				CLANG_WARN_INFINITE_RECURSION = YES;
				CLANG_WARN_INT_CONVERSION = YES;
				CLANG_WARN_NON_LITERAL_NULL_CONVERSION = YES;
				CLANG_WARN_OBJC_IMPLICIT_RETAIN_SELF = YES;
				CLANG_WARN_OBJC_LITERAL_CONVERSION = YES;
				CLANG_WARN_OBJC_ROOT_CLASS = YES_ERROR;
				CLANG_WARN_QUOTED_INCLUDE_IN_FRAMEWORK_HEADER = YES;
				CLANG_WARN_RANGE_LOOP_ANALYSIS = YES;
				CLANG_WARN_STRICT_PROTOTYPES = YES;
				CLANG_WARN_SUSPICIOUS_MOVE = YES;
				CLANG_WARN_UNGUARDED_AVAILABILITY = YES_AGGRESSIVE;
				CLANG_WARN_UNREACHABLE_CODE = YES;
				CLANG_WARN__DUPLICATE_METHOD_MATCH = YES;
				COPY_PHASE_STRIP = NO;
				DEBUG_INFORMATION_FORMAT = "dwarf-with-dsym";
				ENABLE_NS_ASSERTIONS = NO;
				ENABLE_STRICT_OBJC_MSGSEND = YES;
				GCC_C_LANGUAGE_STANDARD = gnu11;
				GCC_NO_COMMON_BLOCKS = YES;
				GCC_WARN_64_TO_32_BIT_CONVERSION = YES;
				GCC_WARN_ABOUT_RETURN_TYPE = YES_ERROR;
				GCC_WARN_UNDECLARED_SELECTOR = YES;
				GCC_WARN_UNINITIALIZED_AUTOS = YES_AGGRESSIVE;
				GCC_WARN_UNUSED_FUNCTION = YES;
				GCC_WARN_UNUSED_VARIABLE = YES;
				IPHONEOS_DEPLOYMENT_TARGET = 15.0;
				MTL_ENABLE_DEBUG_INFO = NO;
				MTL_FAST_MATH = YES;
				SDKROOT = iphoneos;
				VALIDATE_PRODUCT = YES;
			};
			name = Release;
		};
		0D6CEDA3273642B700C6E8B2 /* Debug */ = {
			isa = XCBuildConfiguration;
			buildSettings = {
				ASSETCATALOG_COMPILER_APPICON_NAME = AppIcon;
				ASSETCATALOG_COMPILER_GLOBAL_ACCENT_COLOR_NAME = AccentColor;
				CODE_SIGN_STYLE = Automatic;
				CURRENT_PROJECT_VERSION = 1;
				DEVELOPMENT_TEAM = 8C24H7PT3A;
				GENERATE_INFOPLIST_FILE = YES;
				INFOPLIST_FILE = TableViewDemo/Info.plist;
				INFOPLIST_KEY_UIApplicationSupportsIndirectInputEvents = YES;
				INFOPLIST_KEY_UILaunchStoryboardName = LaunchScreen;
				INFOPLIST_KEY_UIMainStoryboardFile = Main;
				INFOPLIST_KEY_UISupportedInterfaceOrientations_iPad = "UIInterfaceOrientationPortrait UIInterfaceOrientationPortraitUpsideDown UIInterfaceOrientationLandscapeLeft UIInterfaceOrientationLandscapeRight";
				INFOPLIST_KEY_UISupportedInterfaceOrientations_iPhone = "UIInterfaceOrientationPortrait UIInterfaceOrientationLandscapeLeft UIInterfaceOrientationLandscapeRight";
				LD_RUNPATH_SEARCH_PATHS = (
					"$(inherited)",
					"@executable_path/Frameworks",
				);
				MARKETING_VERSION = 1.0;
				PRODUCT_BUNDLE_IDENTIFIER = com.hmp.TableViewDemo;
				PRODUCT_NAME = "$(TARGET_NAME)";
				SWIFT_EMIT_LOC_STRINGS = YES;
				TARGETED_DEVICE_FAMILY = "1,2";
			};
			name = Debug;
		};
		0D6CEDA4273642B700C6E8B2 /* Release */ = {
			isa = XCBuildConfiguration;
			buildSettings = {
				ASSETCATALOG_COMPILER_APPICON_NAME = AppIcon;
				ASSETCATALOG_COMPILER_GLOBAL_ACCENT_COLOR_NAME = AccentColor;
				CODE_SIGN_STYLE = Automatic;
				CURRENT_PROJECT_VERSION = 1;
				DEVELOPMENT_TEAM = 8C24H7PT3A;
				GENERATE_INFOPLIST_FILE = YES;
				INFOPLIST_FILE = TableViewDemo/Info.plist;
				INFOPLIST_KEY_UIApplicationSupportsIndirectInputEvents = YES;
				INFOPLIST_KEY_UILaunchStoryboardName = LaunchScreen;
				INFOPLIST_KEY_UIMainStoryboardFile = Main;
				INFOPLIST_KEY_UISupportedInterfaceOrientations_iPad = "UIInterfaceOrientationPortrait UIInterfaceOrientationPortraitUpsideDown UIInterfaceOrientationLandscapeLeft UIInterfaceOrientationLandscapeRight";
				INFOPLIST_KEY_UISupportedInterfaceOrientations_iPhone = "UIInterfaceOrientationPortrait UIInterfaceOrientationLandscapeLeft UIInterfaceOrientationLandscapeRight";
				LD_RUNPATH_SEARCH_PATHS = (
					"$(inherited)",
					"@executable_path/Frameworks",
				);
				MARKETING_VERSION = 1.0;
				PRODUCT_BUNDLE_IDENTIFIER = com.hmp.TableViewDemo;
				PRODUCT_NAME = "$(TARGET_NAME)";
				SWIFT_EMIT_LOC_STRINGS = YES;
				TARGETED_DEVICE_FAMILY = "1,2";
			};
			name = Release;
		};
		0D6CEDA6273642B700C6E8B2 /* Debug */ = {
			isa = XCBuildConfiguration;
			buildSettings = {
				BUNDLE_LOADER = "$(TEST_HOST)";
				CODE_SIGN_STYLE = Automatic;
				CURRENT_PROJECT_VERSION = 1;
				DEVELOPMENT_TEAM = 8C24H7PT3A;
				GENERATE_INFOPLIST_FILE = YES;
				IPHONEOS_DEPLOYMENT_TARGET = 15.0;
				LD_RUNPATH_SEARCH_PATHS = (
					"$(inherited)",
					"@executable_path/Frameworks",
					"@loader_path/Frameworks",
				);
				MARKETING_VERSION = 1.0;
				PRODUCT_BUNDLE_IDENTIFIER = com.hmp.TableViewDemoTests;
				PRODUCT_NAME = "$(TARGET_NAME)";
				SWIFT_EMIT_LOC_STRINGS = NO;
				TARGETED_DEVICE_FAMILY = "1,2";
				TEST_HOST = "$(BUILT_PRODUCTS_DIR)/TableViewDemo.app/TableViewDemo";
			};
			name = Debug;
		};
		0D6CEDA7273642B700C6E8B2 /* Release */ = {
			isa = XCBuildConfiguration;
			buildSettings = {
				BUNDLE_LOADER = "$(TEST_HOST)";
				CODE_SIGN_STYLE = Automatic;
				CURRENT_PROJECT_VERSION = 1;
				DEVELOPMENT_TEAM = 8C24H7PT3A;
				GENERATE_INFOPLIST_FILE = YES;
				IPHONEOS_DEPLOYMENT_TARGET = 15.0;
				LD_RUNPATH_SEARCH_PATHS = (
					"$(inherited)",
					"@executable_path/Frameworks",
					"@loader_path/Frameworks",
				);
				MARKETING_VERSION = 1.0;
				PRODUCT_BUNDLE_IDENTIFIER = com.hmp.TableViewDemoTests;
				PRODUCT_NAME = "$(TARGET_NAME)";
				SWIFT_EMIT_LOC_STRINGS = NO;
				TARGETED_DEVICE_FAMILY = "1,2";
				TEST_HOST = "$(BUILT_PRODUCTS_DIR)/TableViewDemo.app/TableViewDemo";
			};
			name = Release;
		};
		0D6CEDA9273642B700C6E8B2 /* Debug */ = {
			isa = XCBuildConfiguration;
			buildSettings = {
				CODE_SIGN_STYLE = Automatic;
				CURRENT_PROJECT_VERSION = 1;
				DEVELOPMENT_TEAM = 8C24H7PT3A;
				GENERATE_INFOPLIST_FILE = YES;
				LD_RUNPATH_SEARCH_PATHS = (
					"$(inherited)",
					"@executable_path/Frameworks",
					"@loader_path/Frameworks",
				);
				MARKETING_VERSION = 1.0;
				PRODUCT_BUNDLE_IDENTIFIER = com.hmp.TableViewDemoUITests;
				PRODUCT_NAME = "$(TARGET_NAME)";
				SWIFT_EMIT_LOC_STRINGS = NO;
				TARGETED_DEVICE_FAMILY = "1,2";
				TEST_TARGET_NAME = TableViewDemo;
			};
			name = Debug;
		};
		0D6CEDAA273642B700C6E8B2 /* Release */ = {
			isa = XCBuildConfiguration;
			buildSettings = {
				CODE_SIGN_STYLE = Automatic;
				CURRENT_PROJECT_VERSION = 1;
				DEVELOPMENT_TEAM = 8C24H7PT3A;
				GENERATE_INFOPLIST_FILE = YES;
				LD_RUNPATH_SEARCH_PATHS = (
					"$(inherited)",
					"@executable_path/Frameworks",
					"@loader_path/Frameworks",
				);
				MARKETING_VERSION = 1.0;
				PRODUCT_BUNDLE_IDENTIFIER = com.hmp.TableViewDemoUITests;
				PRODUCT_NAME = "$(TARGET_NAME)";
				SWIFT_EMIT_LOC_STRINGS = NO;
				TARGETED_DEVICE_FAMILY = "1,2";
				TEST_TARGET_NAME = TableViewDemo;
			};
			name = Release;
		};
/* End XCBuildConfiguration section */

/* Begin XCConfigurationList section */
		0D6CED6E273642B500C6E8B2 /* Build configuration list for PBXProject "TableViewDemo" */ = {
			isa = XCConfigurationList;
			buildConfigurations = (
				0D6CEDA0273642B700C6E8B2 /* Debug */,
				0D6CEDA1273642B700C6E8B2 /* Release */,
			);
			defaultConfigurationIsVisible = 0;
			defaultConfigurationName = Release;
		};
		0D6CEDA2273642B700C6E8B2 /* Build configuration list for PBXNativeTarget "TableViewDemo" */ = {
			isa = XCConfigurationList;
			buildConfigurations = (
				0D6CEDA3273642B700C6E8B2 /* Debug */,
				0D6CEDA4273642B700C6E8B2 /* Release */,
			);
			defaultConfigurationIsVisible = 0;
			defaultConfigurationName = Release;
		};
		0D6CEDA5273642B700C6E8B2 /* Build configuration list for PBXNativeTarget "TableViewDemoTests" */ = {
			isa = XCConfigurationList;
			buildConfigurations = (
				0D6CEDA6273642B700C6E8B2 /* Debug */,
				0D6CEDA7273642B700C6E8B2 /* Release */,
			);
			defaultConfigurationIsVisible = 0;
			defaultConfigurationName = Release;
		};
		0D6CEDA8273642B700C6E8B2 /* Build configuration list for PBXNativeTarget "TableViewDemoUITests" */ = {
			isa = XCConfigurationList;
			buildConfigurations = (
				0D6CEDA9273642B700C6E8B2 /* Debug */,
				0D6CEDAA273642B700C6E8B2 /* Release */,
			);
			defaultConfigurationIsVisible = 0;
			defaultConfigurationName = Release;
		};
/* End XCConfigurationList section */
	};
	rootObject = 0D6CED6B273642B500C6E8B2 /* Project object */;
}
